{
  "name": "react-native-tes",
  "version": "1.0.0",
  "lockfileVersion": 2,
  "requires": true,
  "packages": {
    "": {
      "name": "react-native-tes",
      "version": "1.0.0",
      "dependencies": {
        "axios": "^0.21.1",
        "base64url": "^3.0.1",
        "buffer": "^6.0.3",
        "hash.js": "^1.1.7",
        "jsrsasign": "^10.2.0",
        "lodash": "^4.17.21",
        "react-native-deep-linking": "^2.2.0",
        "react-native-get-random-values": "^1.7.0",
        "react-native-randombytes": "^3.6.1",
        "react-native-url-polyfill": "^1.3.0"
      }
    },
    "node_modules/axios": {
      "version": "0.21.1",
      "resolved": "https://registry.npmjs.org/axios/-/axios-0.21.1.tgz",
      "integrity": "sha512-dKQiRHxGD9PPRIUNIWvZhPTPpl1rf/OxTYKsqKUDjBwYylTvV7SjSHJb9ratfyzM6wCdLCOYLzs73qpg5c4iGA==",
      "dependencies": {
        "follow-redirects": "^1.10.0"
      }
    },
    "node_modules/base64-js": {
      "version": "1.5.1",
      "resolved": "https://registry.npmjs.org/base64-js/-/base64-js-1.5.1.tgz",
      "integrity": "sha512-AKpaYlHn8t4SVbOHCy+b5+KKgvR4vrsD8vbvrbiQJps7fKDTkjkDry6ji0rUJjC0kzbNePLwzxq8iypo41qeWA==",
      "funding": [
        {
          "type": "github",
          "url": "https://github.com/sponsors/feross"
        },
        {
          "type": "patreon",
          "url": "https://www.patreon.com/feross"
        },
        {
          "type": "consulting",
          "url": "https://feross.org/support"
        }
      ]
    },
    "node_modules/base64url": {
      "version": "3.0.1",
      "resolved": "https://registry.npmjs.org/base64url/-/base64url-3.0.1.tgz",
      "integrity": "sha512-ir1UPr3dkwexU7FdV8qBBbNDRUhMmIekYMFZfi+C/sLNnRESKPl23nB9b2pltqfOQNnGzsDdId90AEtG5tCx4A==",
      "engines": {
        "node": ">=6.0.0"
      }
    },
    "node_modules/buffer": {
      "version": "6.0.3",
      "resolved": "https://registry.npmjs.org/buffer/-/buffer-6.0.3.tgz",
      "integrity": "sha512-FTiCpNxtwiZZHEZbcbTIcZjERVICn9yq/pDFkTl95/AxzD1naBctN7YO68riM/gLSDY7sdrMby8hofADYuuqOA==",
      "funding": [
        {
          "type": "github",
          "url": "https://github.com/sponsors/feross"
        },
        {
          "type": "patreon",
          "url": "https://www.patreon.com/feross"
        },
        {
          "type": "consulting",
          "url": "https://feross.org/support"
        }
      ],
      "dependencies": {
        "base64-js": "^1.3.1",
        "ieee754": "^1.2.1"
      }
    },
    "node_modules/fast-base64-decode": {
      "version": "1.0.0",
      "resolved": "https://registry.npmjs.org/fast-base64-decode/-/fast-base64-decode-1.0.0.tgz",
      "integrity": "sha512-qwaScUgUGBYeDNRnbc/KyllVU88Jk1pRHPStuF/lO7B0/RTRLj7U0lkdTAutlBblY08rwZDff6tNU9cjv6j//Q=="
    },
    "node_modules/follow-redirects": {
      "version": "1.14.1",
      "resolved": "https://registry.npmjs.org/follow-redirects/-/follow-redirects-1.14.1.tgz",
      "integrity": "sha512-HWqDgT7ZEkqRzBvc2s64vSZ/hfOceEol3ac/7tKwzuvEyWx3/4UegXh5oBOIotkGsObyk3xznnSRVADBgWSQVg==",
      "funding": [
        {
          "type": "individual",
          "url": "https://github.com/sponsors/RubenVerborgh"
        }
      ],
      "engines": {
        "node": ">=4.0"
      },
      "peerDependenciesMeta": {
        "debug": {
          "optional": true
        }
      }
    },
    "node_modules/hash.js": {
      "version": "1.1.7",
      "resolved": "https://registry.npmjs.org/hash.js/-/hash.js-1.1.7.tgz",
      "integrity": "sha512-taOaskGt4z4SOANNseOviYDvjEJinIkRgmp7LbKP2YTTmVxWBl87s/uzK9r+44BclBSp2X7K1hqeNfz9JbBeXA==",
      "dependencies": {
        "inherits": "^2.0.3",
        "minimalistic-assert": "^1.0.1"
      }
    },
    "node_modules/ieee754": {
      "version": "1.2.1",
      "resolved": "https://registry.npmjs.org/ieee754/-/ieee754-1.2.1.tgz",
      "integrity": "sha512-dcyqhDvX1C46lXZcVqCpK+FtMRQVdIMN6/Df5js2zouUsqG7I6sFxitIC+7KYK29KdXOLHdu9zL4sFnoVQnqaA==",
      "funding": [
        {
          "type": "github",
          "url": "https://github.com/sponsors/feross"
        },
        {
          "type": "patreon",
          "url": "https://www.patreon.com/feross"
        },
        {
          "type": "consulting",
          "url": "https://feross.org/support"
        }
      ]
    },
    "node_modules/inherits": {
      "version": "2.0.4",
      "resolved": "https://registry.npmjs.org/inherits/-/inherits-2.0.4.tgz",
      "integrity": "sha512-k/vGaX4/Yla3WzyMCvTQOXYeIHvqOKtnqBduzTHpzpQZzAskKMhZ2K+EnBiSM9zGSoIFeMpXKxa4dYeZIQqewQ=="
    },
    "node_modules/isarray": {
      "version": "1.0.0",
      "resolved": "https://registry.npmjs.org/isarray/-/isarray-1.0.0.tgz",
      "integrity": "sha1-u5NdSFgsuhaMBoNJV6VKPgcSTxE="
    },
    "node_modules/jsrsasign": {
      "version": "10.3.0",
      "resolved": "https://registry.npmjs.org/jsrsasign/-/jsrsasign-10.3.0.tgz",
      "integrity": "sha512-irDIKKFW++EAELgP3fjFi5/Fn0XEyfuQTTgpbeFwCGkV6tRIYZl3uraRea2HTXWCstcSZuDaCbdAhU1n+075Bg==",
      "funding": {
        "url": "https://github.com/kjur/jsrsasign#donations"
      }
    },
    "node_modules/lodash": {
      "version": "4.17.21",
      "resolved": "https://registry.npmjs.org/lodash/-/lodash-4.17.21.tgz",
      "integrity": "sha512-v2kDEe57lecTulaDIuNTPy3Ry4gLGJ6Z1O3vE1krgXZNrsQ+LFTGHVxVjcXPs17LhbZVGedAJv8XZ1tvj5FvSg=="
    },
    "node_modules/minimalistic-assert": {
      "version": "1.0.1",
      "resolved": "https://registry.npmjs.org/minimalistic-assert/-/minimalistic-assert-1.0.1.tgz",
      "integrity": "sha512-UtJcAD4yEaGtjPezWuO9wC4nwUnVH/8/Im3yEHQP4b67cXlD/Qr9hdITCU1xDbSEXg2XKNaP8jsReV7vQd00/A=="
    },
    "node_modules/punycode": {
      "version": "2.1.1",
      "resolved": "https://registry.npmjs.org/punycode/-/punycode-2.1.1.tgz",
      "integrity": "sha512-XRsRjdf+j5ml+y/6GKHPZbrF/8p2Yga0JPtdqTIY2Xe5ohJPD9saDJJLPvp9+NSBprVvevdXZybnj2cv8OEd0A==",
      "engines": {
        "node": ">=6"
      }
    },
    "node_modules/react-native-deep-linking": {
      "version": "2.2.0",
      "resolved": "https://registry.npmjs.org/react-native-deep-linking/-/react-native-deep-linking-2.2.0.tgz",
      "integrity": "sha512-PKShbOsa/oxjSzZ/Bag98O/J+jaZOI6ic5YdanPirTpRAraAvKUzJWQUhE5Yy0Isl9yfIkSogOClE9BRfSyUbA=="
    },
    "node_modules/react-native-get-random-values": {
      "version": "1.7.0",
      "resolved": "https://registry.npmjs.org/react-native-get-random-values/-/react-native-get-random-values-1.7.0.tgz",
      "integrity": "sha512-zDhmpWUekGRFb9I+MQkxllHcqXN9HBSsgPwBQfrZ1KZYpzDspWLZ6/yLMMZrtq4pVqNR7C7N96L3SuLpXv1nhQ==",
      "dependencies": {
        "fast-base64-decode": "^1.0.0"
      },
      "peerDependencies": {
        "react-native": ">=0.56"
      }
    },
    "node_modules/react-native-randombytes": {
      "version": "3.6.1",
      "resolved": "https://registry.npmjs.org/react-native-randombytes/-/react-native-randombytes-3.6.1.tgz",
      "integrity": "sha512-qxkwMbOZ0Hff1V7VqpaWrR6ItkA+oF6bnI79Qp9F3Tk8WBsdKDi6m1mi3dEdFWePoRLrhJ2L03rU0yabst1tVw==",
      "dependencies": {
        "buffer": "^4.9.1",
        "sjcl": "^1.0.3"
      }
    },
    "node_modules/react-native-randombytes/node_modules/buffer": {
      "version": "4.9.2",
      "resolved": "https://registry.npmjs.org/buffer/-/buffer-4.9.2.tgz",
      "integrity": "sha512-xq+q3SRMOxGivLhBNaUdC64hDTQwejJ+H0T/NB1XMtTVEwNTrfFF3gAxiyW0Bu/xWEGhjVKgUcMhCrUy2+uCWg==",
      "dependencies": {
        "base64-js": "^1.0.2",
        "ieee754": "^1.1.4",
        "isarray": "^1.0.0"
      }
    },
    "node_modules/react-native-url-polyfill": {
      "version": "1.3.0",
      "resolved": "https://registry.npmjs.org/react-native-url-polyfill/-/react-native-url-polyfill-1.3.0.tgz",
      "integrity": "sha512-w9JfSkvpqqlix9UjDvJjm1EjSt652zVQ6iwCIj1cVVkwXf4jQhQgTNXY6EVTwuAmUjg6BC6k9RHCBynoLFo3IQ==",
      "dependencies": {
        "whatwg-url-without-unicode": "8.0.0-3"
      },
      "peerDependencies": {
        "react-native": "*"
      }
    },
    "node_modules/sjcl": {
      "version": "1.0.8",
      "resolved": "https://registry.npmjs.org/sjcl/-/sjcl-1.0.8.tgz",
      "integrity": "sha512-LzIjEQ0S0DpIgnxMEayM1rq9aGwGRG4OnZhCdjx7glTaJtf4zRfpg87ImfjSJjoW9vKpagd82McDOwbRT5kQKQ==",
      "engines": {
        "node": "*"
      }
    },
    "node_modules/webidl-conversions": {
      "version": "5.0.0",
      "resolved": "https://registry.npmjs.org/webidl-conversions/-/webidl-conversions-5.0.0.tgz",
      "integrity": "sha512-VlZwKPCkYKxQgeSbH5EyngOmRp7Ww7I9rQLERETtf5ofd9pGeswWiOtogpEO850jziPRarreGxn5QIiTqpb2wA==",
      "engines": {
        "node": ">=8"
      }
    },
    "node_modules/whatwg-url-without-unicode": {
      "version": "8.0.0-3",
      "resolved": "https://registry.npmjs.org/whatwg-url-without-unicode/-/whatwg-url-without-unicode-8.0.0-3.tgz",
      "integrity": "sha512-HoKuzZrUlgpz35YO27XgD28uh/WJH4B0+3ttFqRo//lmq+9T/mIOJ6kqmINI9HpUpz1imRC/nR/lxKpJiv0uig==",
      "dependencies": {
        "buffer": "^5.4.3",
        "punycode": "^2.1.1",
        "webidl-conversions": "^5.0.0"
      },
      "engines": {
        "node": ">=10"
      }
    },
    "node_modules/whatwg-url-without-unicode/node_modules/buffer": {
      "version": "5.7.1",
      "resolved": "https://registry.npmjs.org/buffer/-/buffer-5.7.1.tgz",
      "integrity": "sha512-EHcyIPBQ4BSGlvjB16k5KgAJ27CIsHY/2JBmCRReo48y9rQ3MaUzWX3KVlBa4U7MyX02HdVj0K7C3WaB3ju7FQ==",
      "funding": [
        {
          "type": "github",
          "url": "https://github.com/sponsors/feross"
        },
        {
          "type": "patreon",
          "url": "https://www.patreon.com/feross"
        },
        {
          "type": "consulting",
          "url": "https://feross.org/support"
        }
      ],
      "dependencies": {
        "base64-js": "^1.3.1",
        "ieee754": "^1.1.13"
      }
    }
  },
  "dependencies": {
    "axios": {
      "version": "0.21.1",
      "resolved": "https://registry.npmjs.org/axios/-/axios-0.21.1.tgz",
      "integrity": "sha512-dKQiRHxGD9PPRIUNIWvZhPTPpl1rf/OxTYKsqKUDjBwYylTvV7SjSHJb9ratfyzM6wCdLCOYLzs73qpg5c4iGA==",
      "requires": {
        "follow-redirects": "^1.10.0"
      }
    },
    "base64-js": {
      "version": "1.5.1",
      "resolved": "https://registry.npmjs.org/base64-js/-/base64-js-1.5.1.tgz",
      "integrity": "sha512-AKpaYlHn8t4SVbOHCy+b5+KKgvR4vrsD8vbvrbiQJps7fKDTkjkDry6ji0rUJjC0kzbNePLwzxq8iypo41qeWA=="
    },
    "base64url": {
      "version": "3.0.1",
      "resolved": "https://registry.npmjs.org/base64url/-/base64url-3.0.1.tgz",
      "integrity": "sha512-ir1UPr3dkwexU7FdV8qBBbNDRUhMmIekYMFZfi+C/sLNnRESKPl23nB9b2pltqfOQNnGzsDdId90AEtG5tCx4A=="
    },
    "buffer": {
      "version": "6.0.3",
      "resolved": "https://registry.npmjs.org/buffer/-/buffer-6.0.3.tgz",
      "integrity": "sha512-FTiCpNxtwiZZHEZbcbTIcZjERVICn9yq/pDFkTl95/AxzD1naBctN7YO68riM/gLSDY7sdrMby8hofADYuuqOA==",
      "requires": {
        "base64-js": "^1.3.1",
        "ieee754": "^1.2.1"
      }
    },
    "fast-base64-decode": {
      "version": "1.0.0",
      "resolved": "https://registry.npmjs.org/fast-base64-decode/-/fast-base64-decode-1.0.0.tgz",
      "integrity": "sha512-qwaScUgUGBYeDNRnbc/KyllVU88Jk1pRHPStuF/lO7B0/RTRLj7U0lkdTAutlBblY08rwZDff6tNU9cjv6j//Q=="
    },
    "follow-redirects": {
      "version": "1.14.1",
      "resolved": "https://registry.npmjs.org/follow-redirects/-/follow-redirects-1.14.1.tgz",
      "integrity": "sha512-HWqDgT7ZEkqRzBvc2s64vSZ/hfOceEol3ac/7tKwzuvEyWx3/4UegXh5oBOIotkGsObyk3xznnSRVADBgWSQVg=="
    },
    "hash.js": {
      "version": "1.1.7",
      "resolved": "https://registry.npmjs.org/hash.js/-/hash.js-1.1.7.tgz",
      "integrity": "sha512-taOaskGt4z4SOANNseOviYDvjEJinIkRgmp7LbKP2YTTmVxWBl87s/uzK9r+44BclBSp2X7K1hqeNfz9JbBeXA==",
      "requires": {
        "inherits": "^2.0.3",
        "minimalistic-assert": "^1.0.1"
      }
    },
    "ieee754": {
      "version": "1.2.1",
      "resolved": "https://registry.npmjs.org/ieee754/-/ieee754-1.2.1.tgz",
      "integrity": "sha512-dcyqhDvX1C46lXZcVqCpK+FtMRQVdIMN6/Df5js2zouUsqG7I6sFxitIC+7KYK29KdXOLHdu9zL4sFnoVQnqaA=="
    },
    "inherits": {
      "version": "2.0.4",
      "resolved": "https://registry.npmjs.org/inherits/-/inherits-2.0.4.tgz",
      "integrity": "sha512-k/vGaX4/Yla3WzyMCvTQOXYeIHvqOKtnqBduzTHpzpQZzAskKMhZ2K+EnBiSM9zGSoIFeMpXKxa4dYeZIQqewQ=="
    },
    "isarray": {
      "version": "1.0.0",
      "resolved": "https://registry.npmjs.org/isarray/-/isarray-1.0.0.tgz",
      "integrity": "sha1-u5NdSFgsuhaMBoNJV6VKPgcSTxE="
    },
    "jsrsasign": {
      "version": "10.3.0",
      "resolved": "https://registry.npmjs.org/jsrsasign/-/jsrsasign-10.3.0.tgz",
      "integrity": "sha512-irDIKKFW++EAELgP3fjFi5/Fn0XEyfuQTTgpbeFwCGkV6tRIYZl3uraRea2HTXWCstcSZuDaCbdAhU1n+075Bg=="
    },
    "lodash": {
      "version": "4.17.21",
      "resolved": "https://registry.npmjs.org/lodash/-/lodash-4.17.21.tgz",
      "integrity": "sha512-v2kDEe57lecTulaDIuNTPy3Ry4gLGJ6Z1O3vE1krgXZNrsQ+LFTGHVxVjcXPs17LhbZVGedAJv8XZ1tvj5FvSg=="
    },
    "minimalistic-assert": {
      "version": "1.0.1",
      "resolved": "https://registry.npmjs.org/minimalistic-assert/-/minimalistic-assert-1.0.1.tgz",
      "integrity": "sha512-UtJcAD4yEaGtjPezWuO9wC4nwUnVH/8/Im3yEHQP4b67cXlD/Qr9hdITCU1xDbSEXg2XKNaP8jsReV7vQd00/A=="
    },
    "punycode": {
      "version": "2.1.1",
      "resolved": "https://registry.npmjs.org/punycode/-/punycode-2.1.1.tgz",
      "integrity": "sha512-XRsRjdf+j5ml+y/6GKHPZbrF/8p2Yga0JPtdqTIY2Xe5ohJPD9saDJJLPvp9+NSBprVvevdXZybnj2cv8OEd0A=="
    },
    "react-native-deep-linking": {
      "version": "2.2.0",
      "resolved": "https://registry.npmjs.org/react-native-deep-linking/-/react-native-deep-linking-2.2.0.tgz",
      "integrity": "sha512-PKShbOsa/oxjSzZ/Bag98O/J+jaZOI6ic5YdanPirTpRAraAvKUzJWQUhE5Yy0Isl9yfIkSogOClE9BRfSyUbA=="
    },
    "react-native-get-random-values": {
      "version": "1.7.0",
      "resolved": "https://registry.npmjs.org/react-native-get-random-values/-/react-native-get-random-values-1.7.0.tgz",
      "integrity": "sha512-zDhmpWUekGRFb9I+MQkxllHcqXN9HBSsgPwBQfrZ1KZYpzDspWLZ6/yLMMZrtq4pVqNR7C7N96L3SuLpXv1nhQ==",
      "requires": {
        "fast-base64-decode": "^1.0.0"
      }
    },
    "react-native-randombytes": {
      "version": "3.6.1",
      "resolved": "https://registry.npmjs.org/react-native-randombytes/-/react-native-randombytes-3.6.1.tgz",
      "integrity": "sha512-qxkwMbOZ0Hff1V7VqpaWrR6ItkA+oF6bnI79Qp9F3Tk8WBsdKDi6m1mi3dEdFWePoRLrhJ2L03rU0yabst1tVw==",
      "requires": {
        "buffer": "^4.9.1",
        "sjcl": "^1.0.3"
      },
      "dependencies": {
        "buffer": {
          "version": "4.9.2",
          "resolved": "https://registry.npmjs.org/buffer/-/buffer-4.9.2.tgz",
          "integrity": "sha512-xq+q3SRMOxGivLhBNaUdC64hDTQwejJ+H0T/NB1XMtTVEwNTrfFF3gAxiyW0Bu/xWEGhjVKgUcMhCrUy2+uCWg==",
          "requires": {
            "base64-js": "^1.0.2",
            "ieee754": "^1.1.4",
            "isarray": "^1.0.0"
          }
        }
      }
    },
    "react-native-url-polyfill": {
      "version": "1.3.0",
      "resolved": "https://registry.npmjs.org/react-native-url-polyfill/-/react-native-url-polyfill-1.3.0.tgz",
      "integrity": "sha512-w9JfSkvpqqlix9UjDvJjm1EjSt652zVQ6iwCIj1cVVkwXf4jQhQgTNXY6EVTwuAmUjg6BC6k9RHCBynoLFo3IQ==",
      "requires": {
        "whatwg-url-without-unicode": "8.0.0-3"
      }
    },
    "sjcl": {
      "version": "1.0.8",
      "resolved": "https://registry.npmjs.org/sjcl/-/sjcl-1.0.8.tgz",
      "integrity": "sha512-LzIjEQ0S0DpIgnxMEayM1rq9aGwGRG4OnZhCdjx7glTaJtf4zRfpg87ImfjSJjoW9vKpagd82McDOwbRT5kQKQ=="
    },
    "webidl-conversions": {
      "version": "5.0.0",
      "resolved": "https://registry.npmjs.org/webidl-conversions/-/webidl-conversions-5.0.0.tgz",
      "integrity": "sha512-VlZwKPCkYKxQgeSbH5EyngOmRp7Ww7I9rQLERETtf5ofd9pGeswWiOtogpEO850jziPRarreGxn5QIiTqpb2wA=="
    },
    "whatwg-url-without-unicode": {
      "version": "8.0.0-3",
      "resolved": "https://registry.npmjs.org/whatwg-url-without-unicode/-/whatwg-url-without-unicode-8.0.0-3.tgz",
      "integrity": "sha512-HoKuzZrUlgpz35YO27XgD28uh/WJH4B0+3ttFqRo//lmq+9T/mIOJ6kqmINI9HpUpz1imRC/nR/lxKpJiv0uig==",
      "requires": {
        "buffer": "^5.4.3",
        "punycode": "^2.1.1",
        "webidl-conversions": "^5.0.0"
      },
      "dependencies": {
        "buffer": {
          "version": "5.7.1",
          "resolved": "https://registry.npmjs.org/buffer/-/buffer-5.7.1.tgz",
          "integrity": "sha512-EHcyIPBQ4BSGlvjB16k5KgAJ27CIsHY/2JBmCRReo48y9rQ3MaUzWX3KVlBa4U7MyX02HdVj0K7C3WaB3ju7FQ==",
          "requires": {
            "base64-js": "^1.3.1",
            "ieee754": "^1.1.13"
          }
        }
      }
    }
  }
}
